
Microsoft Visual Studio Solution File, Format Version 12.00
# Visual Studio 2013
VisualStudioVersion = 12.0.40629.0
MinimumVisualStudioVersion = 10.0.40219.1
Project("{8BC9CEB8-8B4A-11D0-8D11-00A0C91BC942}") = "Grafo_Bipartito", "Grafo_Bipartito\Grafo_Bipartito.vcxproj", "{DF27F072-7692-485C-B121-BFE34E42C176}"
EndProject
Global
	GlobalSection(SolutionConfigurationPlatforms) = preSolution
		Debug|Win32 = Debug|Win32
		Release|Win32 = Release|Win32
	EndGlobalSection
	GlobalSection(ProjectConfigurationPlatforms) = postSolution
		{DF27F072-7692-485C-B121-BFE34E42C176}.Debug|Win32.ActiveCfg = Debug|Win32
		{DF27F072-7692-485C-B121-BFE34E42C176}.Debug|Win32.Build.0 = Debug|Win32
		{DF27F072-7692-485C-B121-BFE34E42C176}.Release|Win32.ActiveCfg = Release|Win32
		{DF27F072-7692-485C-B121-BFE34E42C176}.Release|Win32.Build.0 = Release|Win32
	EndGlobalSection
	GlobalSection(SolutionProperties) = preSolution
		HideSolutionNode = FALSE
	EndGlobalSection
EndGlobal
