
Microsoft Visual Studio Solution File, Format Version 12.00
# Visual Studio 15
VisualStudioVersion = 15.0.28010.2026
MinimumVisualStudioVersion = 10.0.40219.1
Project("{8BC9CEB8-8B4A-11D0-8D11-00A0C91BC942}") = "Ovejas_negras", "Ovejas_negras\Ovejas_negras.vcxproj", "{71F0D1C5-0696-45B5-B6AD-C31AA671A2BE}"
EndProject
Global
	GlobalSection(SolutionConfigurationPlatforms) = preSolution
		Debug|x64 = Debug|x64
		Debug|x86 = Debug|x86
		Release|x64 = Release|x64
		Release|x86 = Release|x86
	EndGlobalSection
	GlobalSection(ProjectConfigurationPlatforms) = postSolution
		{71F0D1C5-0696-45B5-B6AD-C31AA671A2BE}.Debug|x64.ActiveCfg = Debug|x64
		{71F0D1C5-0696-45B5-B6AD-C31AA671A2BE}.Debug|x64.Build.0 = Debug|x64
		{71F0D1C5-0696-45B5-B6AD-C31AA671A2BE}.Debug|x86.ActiveCfg = Debug|Win32
		{71F0D1C5-0696-45B5-B6AD-C31AA671A2BE}.Debug|x86.Build.0 = Debug|Win32
		{71F0D1C5-0696-45B5-B6AD-C31AA671A2BE}.Release|x64.ActiveCfg = Release|x64
		{71F0D1C5-0696-45B5-B6AD-C31AA671A2BE}.Release|x64.Build.0 = Release|x64
		{71F0D1C5-0696-45B5-B6AD-C31AA671A2BE}.Release|x86.ActiveCfg = Release|Win32
		{71F0D1C5-0696-45B5-B6AD-C31AA671A2BE}.Release|x86.Build.0 = Release|Win32
	EndGlobalSection
	GlobalSection(SolutionProperties) = preSolution
		HideSolutionNode = FALSE
	EndGlobalSection
	GlobalSection(ExtensibilityGlobals) = postSolution
		SolutionGuid = {18CDCD4A-659A-4533-99D0-AA12B51745C5}
	EndGlobalSection
EndGlobal
