
Microsoft Visual Studio Solution File, Format Version 12.00
# Visual Studio 15
VisualStudioVersion = 15.0.28010.2026
MinimumVisualStudioVersion = 10.0.40219.1
Project("{8BC9CEB8-8B4A-11D0-8D11-00A0C91BC942}") = "Esquiando_Alaska", "Esquiando_Alaska\Esquiando_Alaska.vcxproj", "{ED74A798-412A-4A6A-BDBE-C23FD2F2844B}"
EndProject
Global
	GlobalSection(SolutionConfigurationPlatforms) = preSolution
		Debug|x64 = Debug|x64
		Debug|x86 = Debug|x86
		Release|x64 = Release|x64
		Release|x86 = Release|x86
	EndGlobalSection
	GlobalSection(ProjectConfigurationPlatforms) = postSolution
		{ED74A798-412A-4A6A-BDBE-C23FD2F2844B}.Debug|x64.ActiveCfg = Debug|x64
		{ED74A798-412A-4A6A-BDBE-C23FD2F2844B}.Debug|x64.Build.0 = Debug|x64
		{ED74A798-412A-4A6A-BDBE-C23FD2F2844B}.Debug|x86.ActiveCfg = Debug|Win32
		{ED74A798-412A-4A6A-BDBE-C23FD2F2844B}.Debug|x86.Build.0 = Debug|Win32
		{ED74A798-412A-4A6A-BDBE-C23FD2F2844B}.Release|x64.ActiveCfg = Release|x64
		{ED74A798-412A-4A6A-BDBE-C23FD2F2844B}.Release|x64.Build.0 = Release|x64
		{ED74A798-412A-4A6A-BDBE-C23FD2F2844B}.Release|x86.ActiveCfg = Release|Win32
		{ED74A798-412A-4A6A-BDBE-C23FD2F2844B}.Release|x86.Build.0 = Release|Win32
	EndGlobalSection
	GlobalSection(SolutionProperties) = preSolution
		HideSolutionNode = FALSE
	EndGlobalSection
	GlobalSection(ExtensibilityGlobals) = postSolution
		SolutionGuid = {14A07A96-C0F0-4135-ADF3-3ACF05AAE097}
	EndGlobalSection
EndGlobal
